
Microsoft Visual Studio Solution File, Format Version 12.00
# Visual Studio Version 16
VisualStudioVersion = 16.0.30204.135
MinimumVisualStudioVersion = 10.0.40219.1
Project("{9A19103F-16F7-4668-BE54-9A1E7A4F7556}") = "Recorder", "Recorder\Recorder.csproj", "{FD2B7EDE-2A74-4880-B23D-C0F162E8BA76}"
EndProject
Project("{FAE04EC0-301F-11D3-BF4B-00C04F79EFBC}") = "UI", "UI\UI.csproj", "{6B35EF8F-18A7-4005-9FDB-717DC4B4F12B}"
EndProject
Project("{FAE04EC0-301F-11D3-BF4B-00C04F79EFBC}") = "RecorderCore", "RecorderCore\RecorderCore.csproj", "{779FE982-ED86-41E2-ADA1-B9E49BA67ADE}"
EndProject
Global
	GlobalSection(SolutionConfigurationPlatforms) = preSolution
		Debug|Any CPU = Debug|Any CPU
		Debug|x64 = Debug|x64
		Release|Any CPU = Release|Any CPU
		Release|x64 = Release|x64
	EndGlobalSection
	GlobalSection(ProjectConfigurationPlatforms) = postSolution
		{FD2B7EDE-2A74-4880-B23D-C0F162E8BA76}.Debug|Any CPU.ActiveCfg = Debug|Any CPU
		{FD2B7EDE-2A74-4880-B23D-C0F162E8BA76}.Debug|Any CPU.Build.0 = Debug|Any CPU
		{FD2B7EDE-2A74-4880-B23D-C0F162E8BA76}.Debug|x64.ActiveCfg = Debug|x64
		{FD2B7EDE-2A74-4880-B23D-C0F162E8BA76}.Debug|x64.Build.0 = Debug|x64
		{FD2B7EDE-2A74-4880-B23D-C0F162E8BA76}.Release|Any CPU.ActiveCfg = Release|Any CPU
		{FD2B7EDE-2A74-4880-B23D-C0F162E8BA76}.Release|Any CPU.Build.0 = Release|Any CPU
		{FD2B7EDE-2A74-4880-B23D-C0F162E8BA76}.Release|x64.ActiveCfg = Release|x64
		{FD2B7EDE-2A74-4880-B23D-C0F162E8BA76}.Release|x64.Build.0 = Release|x64
		{6B35EF8F-18A7-4005-9FDB-717DC4B4F12B}.Debug|Any CPU.ActiveCfg = Debug|Any CPU
		{6B35EF8F-18A7-4005-9FDB-717DC4B4F12B}.Debug|Any CPU.Build.0 = Debug|Any CPU
		{6B35EF8F-18A7-4005-9FDB-717DC4B4F12B}.Debug|x64.ActiveCfg = Debug|x64
		{6B35EF8F-18A7-4005-9FDB-717DC4B4F12B}.Debug|x64.Build.0 = Debug|x64
		{6B35EF8F-18A7-4005-9FDB-717DC4B4F12B}.Release|Any CPU.ActiveCfg = Release|Any CPU
		{6B35EF8F-18A7-4005-9FDB-717DC4B4F12B}.Release|Any CPU.Build.0 = Release|Any CPU
		{6B35EF8F-18A7-4005-9FDB-717DC4B4F12B}.Release|x64.ActiveCfg = Release|x64
		{6B35EF8F-18A7-4005-9FDB-717DC4B4F12B}.Release|x64.Build.0 = Release|x64
		{779FE982-ED86-41E2-ADA1-B9E49BA67ADE}.Debug|Any CPU.ActiveCfg = Debug|Any CPU
		{779FE982-ED86-41E2-ADA1-B9E49BA67ADE}.Debug|Any CPU.Build.0 = Debug|Any CPU
		{779FE982-ED86-41E2-ADA1-B9E49BA67ADE}.Debug|x64.ActiveCfg = Debug|x64
		{779FE982-ED86-41E2-ADA1-B9E49BA67ADE}.Debug|x64.Build.0 = Debug|x64
		{779FE982-ED86-41E2-ADA1-B9E49BA67ADE}.Release|Any CPU.ActiveCfg = Release|Any CPU
		{779FE982-ED86-41E2-ADA1-B9E49BA67ADE}.Release|Any CPU.Build.0 = Release|Any CPU
		{779FE982-ED86-41E2-ADA1-B9E49BA67ADE}.Release|x64.ActiveCfg = Release|x64
		{779FE982-ED86-41E2-ADA1-B9E49BA67ADE}.Release|x64.Build.0 = Release|x64
	EndGlobalSection
	GlobalSection(SolutionProperties) = preSolution
		HideSolutionNode = FALSE
	EndGlobalSection
	GlobalSection(ExtensibilityGlobals) = postSolution
		SolutionGuid = {5A405905-277B-404F-91DD-D48B735F00E2}
	EndGlobalSection
EndGlobal
